
Microsoft Visual Studio Solution File, Format Version 12.00
# Visual Studio Version 17
VisualStudioVersion = 17.1.32319.34
MinimumVisualStudioVersion = 10.0.40219.1
Project("{9A19103F-16F7-4668-BE54-9A1E7A4F7556}") = "TestingThingsOut", "TestingThingsOut\TestingThingsOut.csproj", "{0B1BF894-85DC-4ADB-B5C8-B4F89DD761F6}"
EndProject
Project("{9A19103F-16F7-4668-BE54-9A1E7A4F7556}") = "SmiteApiLib", "SmiteApiLib\SmiteApiLib.csproj", "{F9ED2C9E-AE8B-4CBB-82FE-4984B4CA44EE}"
EndProject
Project("{FAE04EC0-301F-11D3-BF4B-00C04F79EFBC}") = "Backend", "Backend\Backend.csproj", "{E3A754B4-4BF9-441C-8582-87E185642D10}"
EndProject
Project("{E24C65DC-7377-472B-9ABA-BC803B73C61A}") = "FrontendAngular", "FrontendAngular\", "{F5074371-3EF4-4E18-AB35-611C4ABA2C9F}"
	ProjectSection(WebsiteProperties) = preProject
		TargetFrameworkMoniker = ".NETFramework,Version%3Dv4.8"
		Debug.AspNetCompiler.VirtualPath = "/localhost_53480"
		Debug.AspNetCompiler.PhysicalPath = "FrontendAngular\"
		Debug.AspNetCompiler.TargetPath = "PrecompiledWeb\localhost_53480\"
		Debug.AspNetCompiler.Updateable = "true"
		Debug.AspNetCompiler.ForceOverwrite = "true"
		Debug.AspNetCompiler.FixedNames = "false"
		Debug.AspNetCompiler.Debug = "True"
		Release.AspNetCompiler.VirtualPath = "/localhost_53480"
		Release.AspNetCompiler.PhysicalPath = "FrontendAngular\"
		Release.AspNetCompiler.TargetPath = "PrecompiledWeb\localhost_53480\"
		Release.AspNetCompiler.Updateable = "true"
		Release.AspNetCompiler.ForceOverwrite = "true"
		Release.AspNetCompiler.FixedNames = "false"
		Release.AspNetCompiler.Debug = "False"
		VWDPort = "53480"
		SlnRelativePath = "FrontendAngular\"
	EndProjectSection
EndProject
Global
	GlobalSection(SolutionConfigurationPlatforms) = preSolution
		Debug|Any CPU = Debug|Any CPU
		Release|Any CPU = Release|Any CPU
	EndGlobalSection
	GlobalSection(ProjectConfigurationPlatforms) = postSolution
		{0B1BF894-85DC-4ADB-B5C8-B4F89DD761F6}.Debug|Any CPU.ActiveCfg = Debug|Any CPU
		{0B1BF894-85DC-4ADB-B5C8-B4F89DD761F6}.Debug|Any CPU.Build.0 = Debug|Any CPU
		{0B1BF894-85DC-4ADB-B5C8-B4F89DD761F6}.Release|Any CPU.ActiveCfg = Release|Any CPU
		{0B1BF894-85DC-4ADB-B5C8-B4F89DD761F6}.Release|Any CPU.Build.0 = Release|Any CPU
		{F9ED2C9E-AE8B-4CBB-82FE-4984B4CA44EE}.Debug|Any CPU.ActiveCfg = Debug|Any CPU
		{F9ED2C9E-AE8B-4CBB-82FE-4984B4CA44EE}.Debug|Any CPU.Build.0 = Debug|Any CPU
		{F9ED2C9E-AE8B-4CBB-82FE-4984B4CA44EE}.Release|Any CPU.ActiveCfg = Release|Any CPU
		{F9ED2C9E-AE8B-4CBB-82FE-4984B4CA44EE}.Release|Any CPU.Build.0 = Release|Any CPU
		{E3A754B4-4BF9-441C-8582-87E185642D10}.Debug|Any CPU.ActiveCfg = Debug|Any CPU
		{E3A754B4-4BF9-441C-8582-87E185642D10}.Debug|Any CPU.Build.0 = Debug|Any CPU
		{E3A754B4-4BF9-441C-8582-87E185642D10}.Release|Any CPU.ActiveCfg = Release|Any CPU
		{E3A754B4-4BF9-441C-8582-87E185642D10}.Release|Any CPU.Build.0 = Release|Any CPU
		{F5074371-3EF4-4E18-AB35-611C4ABA2C9F}.Debug|Any CPU.ActiveCfg = Debug|Any CPU
		{F5074371-3EF4-4E18-AB35-611C4ABA2C9F}.Debug|Any CPU.Build.0 = Debug|Any CPU
		{F5074371-3EF4-4E18-AB35-611C4ABA2C9F}.Release|Any CPU.ActiveCfg = Debug|Any CPU
		{F5074371-3EF4-4E18-AB35-611C4ABA2C9F}.Release|Any CPU.Build.0 = Debug|Any CPU
	EndGlobalSection
	GlobalSection(SolutionProperties) = preSolution
		HideSolutionNode = FALSE
	EndGlobalSection
	GlobalSection(ExtensibilityGlobals) = postSolution
		SolutionGuid = {DCA179A8-0D51-4628-8CFF-5C5DCB6775F3}
	EndGlobalSection
EndGlobal
